
Microsoft Visual Studio Solution File, Format Version 12.00
# Visual Studio 15
VisualStudioVersion = 15.0.27130.2010
MinimumVisualStudioVersion = 10.0.40219.1
Project("{FAE04EC0-301F-11D3-BF4B-00C04F79EFBC}") = "AzureIoTServiceSDKTest.Android", "AzureIoTServiceSDKTest\AzureIoTServiceSDKTest.Android\AzureIoTServiceSDKTest.Android.csproj", "{E8284DAE-9C7A-44A6-AF56-D8D29E8DE3F8}"
EndProject
Project("{FAE04EC0-301F-11D3-BF4B-00C04F79EFBC}") = "AzureIoTServiceSDKTest.iOS", "AzureIoTServiceSDKTest\AzureIoTServiceSDKTest.iOS\AzureIoTServiceSDKTest.iOS.csproj", "{269732C3-033A-4E94-A7D1-0397A2E3F3B6}"
EndProject
Project("{FAE04EC0-301F-11D3-BF4B-00C04F79EFBC}") = "AzureIoTServiceSDKTest.UWP", "AzureIoTServiceSDKTest\AzureIoTServiceSDKTest.UWP\AzureIoTServiceSDKTest.UWP.csproj", "{386FA2C9-2E7A-42C4-BB86-9FB0AC53D37E}"
EndProject
Project("{FAE04EC0-301F-11D3-BF4B-00C04F79EFBC}") = "AzureIoTServiceSDKTest", "AzureIoTServiceSDKTest\AzureIoTServiceSDKTest\AzureIoTServiceSDKTest.csproj", "{DADE05CF-A4C8-4076-8E59-956DE77A0069}"
EndProject
Global
	GlobalSection(SolutionConfigurationPlatforms) = preSolution
		Ad-Hoc|Any CPU = Ad-Hoc|Any CPU
		Ad-Hoc|ARM = Ad-Hoc|ARM
		Ad-Hoc|iPhone = Ad-Hoc|iPhone
		Ad-Hoc|iPhoneSimulator = Ad-Hoc|iPhoneSimulator
		Ad-Hoc|x64 = Ad-Hoc|x64
		Ad-Hoc|x86 = Ad-Hoc|x86
		AppStore|Any CPU = AppStore|Any CPU
		AppStore|ARM = AppStore|ARM
		AppStore|iPhone = AppStore|iPhone
		AppStore|iPhoneSimulator = AppStore|iPhoneSimulator
		AppStore|x64 = AppStore|x64
		AppStore|x86 = AppStore|x86
		Debug|Any CPU = Debug|Any CPU
		Debug|ARM = Debug|ARM
		Debug|iPhone = Debug|iPhone
		Debug|iPhoneSimulator = Debug|iPhoneSimulator
		Debug|x64 = Debug|x64
		Debug|x86 = Debug|x86
		Release|Any CPU = Release|Any CPU
		Release|ARM = Release|ARM
		Release|iPhone = Release|iPhone
		Release|iPhoneSimulator = Release|iPhoneSimulator
		Release|x64 = Release|x64
		Release|x86 = Release|x86
	EndGlobalSection
	GlobalSection(ProjectConfigurationPlatforms) = postSolution
		{E8284DAE-9C7A-44A6-AF56-D8D29E8DE3F8}.Ad-Hoc|Any CPU.ActiveCfg = Release|Any CPU
		{E8284DAE-9C7A-44A6-AF56-D8D29E8DE3F8}.Ad-Hoc|Any CPU.Build.0 = Release|Any CPU
		{E8284DAE-9C7A-44A6-AF56-D8D29E8DE3F8}.Ad-Hoc|Any CPU.Deploy.0 = Release|Any CPU
		{E8284DAE-9C7A-44A6-AF56-D8D29E8DE3F8}.Ad-Hoc|ARM.ActiveCfg = Release|Any CPU
		{E8284DAE-9C7A-44A6-AF56-D8D29E8DE3F8}.Ad-Hoc|ARM.Build.0 = Release|Any CPU
		{E8284DAE-9C7A-44A6-AF56-D8D29E8DE3F8}.Ad-Hoc|ARM.Deploy.0 = Release|Any CPU
		{E8284DAE-9C7A-44A6-AF56-D8D29E8DE3F8}.Ad-Hoc|iPhone.ActiveCfg = Release|Any CPU
		{E8284DAE-9C7A-44A6-AF56-D8D29E8DE3F8}.Ad-Hoc|iPhone.Build.0 = Release|Any CPU
		{E8284DAE-9C7A-44A6-AF56-D8D29E8DE3F8}.Ad-Hoc|iPhone.Deploy.0 = Release|Any CPU
		{E8284DAE-9C7A-44A6-AF56-D8D29E8DE3F8}.Ad-Hoc|iPhoneSimulator.ActiveCfg = Release|Any CPU
		{E8284DAE-9C7A-44A6-AF56-D8D29E8DE3F8}.Ad-Hoc|iPhoneSimulator.Build.0 = Release|Any CPU
		{E8284DAE-9C7A-44A6-AF56-D8D29E8DE3F8}.Ad-Hoc|iPhoneSimulator.Deploy.0 = Release|Any CPU
		{E8284DAE-9C7A-44A6-AF56-D8D29E8DE3F8}.Ad-Hoc|x64.ActiveCfg = Release|Any CPU
		{E8284DAE-9C7A-44A6-AF56-D8D29E8DE3F8}.Ad-Hoc|x64.Build.0 = Release|Any CPU
		{E8284DAE-9C7A-44A6-AF56-D8D29E8DE3F8}.Ad-Hoc|x64.Deploy.0 = Release|Any CPU
		{E8284DAE-9C7A-44A6-AF56-D8D29E8DE3F8}.Ad-Hoc|x86.ActiveCfg = Release|Any CPU
		{E8284DAE-9C7A-44A6-AF56-D8D29E8DE3F8}.Ad-Hoc|x86.Build.0 = Release|Any CPU
		{E8284DAE-9C7A-44A6-AF56-D8D29E8DE3F8}.Ad-Hoc|x86.Deploy.0 = Release|Any CPU
		{E8284DAE-9C7A-44A6-AF56-D8D29E8DE3F8}.AppStore|Any CPU.ActiveCfg = Release|Any CPU
		{E8284DAE-9C7A-44A6-AF56-D8D29E8DE3F8}.AppStore|Any CPU.Build.0 = Release|Any CPU
		{E8284DAE-9C7A-44A6-AF56-D8D29E8DE3F8}.AppStore|Any CPU.Deploy.0 = Release|Any CPU
		{E8284DAE-9C7A-44A6-AF56-D8D29E8DE3F8}.AppStore|ARM.ActiveCfg = Release|Any CPU
		{E8284DAE-9C7A-44A6-AF56-D8D29E8DE3F8}.AppStore|ARM.Build.0 = Release|Any CPU
		{E8284DAE-9C7A-44A6-AF56-D8D29E8DE3F8}.AppStore|ARM.Deploy.0 = Release|Any CPU
		{E8284DAE-9C7A-44A6-AF56-D8D29E8DE3F8}.AppStore|iPhone.ActiveCfg = Release|Any CPU
		{E8284DAE-9C7A-44A6-AF56-D8D29E8DE3F8}.AppStore|iPhone.Build.0 = Release|Any CPU
		{E8284DAE-9C7A-44A6-AF56-D8D29E8DE3F8}.AppStore|iPhone.Deploy.0 = Release|Any CPU
		{E8284DAE-9C7A-44A6-AF56-D8D29E8DE3F8}.AppStore|iPhoneSimulator.ActiveCfg = Release|Any CPU
		{E8284DAE-9C7A-44A6-AF56-D8D29E8DE3F8}.AppStore|iPhoneSimulator.Build.0 = Release|Any CPU
		{E8284DAE-9C7A-44A6-AF56-D8D29E8DE3F8}.AppStore|iPhoneSimulator.Deploy.0 = Release|Any CPU
		{E8284DAE-9C7A-44A6-AF56-D8D29E8DE3F8}.AppStore|x64.ActiveCfg = Release|Any CPU
		{E8284DAE-9C7A-44A6-AF56-D8D29E8DE3F8}.AppStore|x64.Build.0 = Release|Any CPU
		{E8284DAE-9C7A-44A6-AF56-D8D29E8DE3F8}.AppStore|x64.Deploy.0 = Release|Any CPU
		{E8284DAE-9C7A-44A6-AF56-D8D29E8DE3F8}.AppStore|x86.ActiveCfg = Release|Any CPU
		{E8284DAE-9C7A-44A6-AF56-D8D29E8DE3F8}.AppStore|x86.Build.0 = Release|Any CPU
		{E8284DAE-9C7A-44A6-AF56-D8D29E8DE3F8}.AppStore|x86.Deploy.0 = Release|Any CPU
		{E8284DAE-9C7A-44A6-AF56-D8D29E8DE3F8}.Debug|Any CPU.ActiveCfg = Debug|Any CPU
		{E8284DAE-9C7A-44A6-AF56-D8D29E8DE3F8}.Debug|Any CPU.Build.0 = Debug|Any CPU
		{E8284DAE-9C7A-44A6-AF56-D8D29E8DE3F8}.Debug|Any CPU.Deploy.0 = Debug|Any CPU
		{E8284DAE-9C7A-44A6-AF56-D8D29E8DE3F8}.Debug|ARM.ActiveCfg = Debug|Any CPU
		{E8284DAE-9C7A-44A6-AF56-D8D29E8DE3F8}.Debug|ARM.Build.0 = Debug|Any CPU
		{E8284DAE-9C7A-44A6-AF56-D8D29E8DE3F8}.Debug|ARM.Deploy.0 = Debug|Any CPU
		{E8284DAE-9C7A-44A6-AF56-D8D29E8DE3F8}.Debug|iPhone.ActiveCfg = Debug|Any CPU
		{E8284DAE-9C7A-44A6-AF56-D8D29E8DE3F8}.Debug|iPhone.Build.0 = Debug|Any CPU
		{E8284DAE-9C7A-44A6-AF56-D8D29E8DE3F8}.Debug|iPhone.Deploy.0 = Debug|Any CPU
		{E8284DAE-9C7A-44A6-AF56-D8D29E8DE3F8}.Debug|iPhoneSimulator.ActiveCfg = Debug|Any CPU
		{E8284DAE-9C7A-44A6-AF56-D8D29E8DE3F8}.Debug|iPhoneSimulator.Build.0 = Debug|Any CPU
		{E8284DAE-9C7A-44A6-AF56-D8D29E8DE3F8}.Debug|iPhoneSimulator.Deploy.0 = Debug|Any CPU
		{E8284DAE-9C7A-44A6-AF56-D8D29E8DE3F8}.Debug|x64.ActiveCfg = Debug|Any CPU
		{E8284DAE-9C7A-44A6-AF56-D8D29E8DE3F8}.Debug|x64.Build.0 = Debug|Any CPU
		{E8284DAE-9C7A-44A6-AF56-D8D29E8DE3F8}.Debug|x64.Deploy.0 = Debug|Any CPU
		{E8284DAE-9C7A-44A6-AF56-D8D29E8DE3F8}.Debug|x86.ActiveCfg = Debug|Any CPU
		{E8284DAE-9C7A-44A6-AF56-D8D29E8DE3F8}.Debug|x86.Build.0 = Debug|Any CPU
		{E8284DAE-9C7A-44A6-AF56-D8D29E8DE3F8}.Debug|x86.Deploy.0 = Debug|Any CPU
		{E8284DAE-9C7A-44A6-AF56-D8D29E8DE3F8}.Release|Any CPU.ActiveCfg = Release|Any CPU
		{E8284DAE-9C7A-44A6-AF56-D8D29E8DE3F8}.Release|Any CPU.Build.0 = Release|Any CPU
		{E8284DAE-9C7A-44A6-AF56-D8D29E8DE3F8}.Release|Any CPU.Deploy.0 = Release|Any CPU
		{E8284DAE-9C7A-44A6-AF56-D8D29E8DE3F8}.Release|ARM.ActiveCfg = Release|Any CPU
		{E8284DAE-9C7A-44A6-AF56-D8D29E8DE3F8}.Release|ARM.Build.0 = Release|Any CPU
		{E8284DAE-9C7A-44A6-AF56-D8D29E8DE3F8}.Release|ARM.Deploy.0 = Release|Any CPU
		{E8284DAE-9C7A-44A6-AF56-D8D29E8DE3F8}.Release|iPhone.ActiveCfg = Release|Any CPU
		{E8284DAE-9C7A-44A6-AF56-D8D29E8DE3F8}.Release|iPhone.Build.0 = Release|Any CPU
		{E8284DAE-9C7A-44A6-AF56-D8D29E8DE3F8}.Release|iPhone.Deploy.0 = Release|Any CPU
		{E8284DAE-9C7A-44A6-AF56-D8D29E8DE3F8}.Release|iPhoneSimulator.ActiveCfg = Release|Any CPU
		{E8284DAE-9C7A-44A6-AF56-D8D29E8DE3F8}.Release|iPhoneSimulator.Build.0 = Release|Any CPU
		{E8284DAE-9C7A-44A6-AF56-D8D29E8DE3F8}.Release|iPhoneSimulator.Deploy.0 = Release|Any CPU
		{E8284DAE-9C7A-44A6-AF56-D8D29E8DE3F8}.Release|x64.ActiveCfg = Release|Any CPU
		{E8284DAE-9C7A-44A6-AF56-D8D29E8DE3F8}.Release|x64.Build.0 = Release|Any CPU
		{E8284DAE-9C7A-44A6-AF56-D8D29E8DE3F8}.Release|x64.Deploy.0 = Release|Any CPU
		{E8284DAE-9C7A-44A6-AF56-D8D29E8DE3F8}.Release|x86.ActiveCfg = Release|Any CPU
		{E8284DAE-9C7A-44A6-AF56-D8D29E8DE3F8}.Release|x86.Build.0 = Release|Any CPU
		{E8284DAE-9C7A-44A6-AF56-D8D29E8DE3F8}.Release|x86.Deploy.0 = Release|Any CPU
		{269732C3-033A-4E94-A7D1-0397A2E3F3B6}.Ad-Hoc|Any CPU.ActiveCfg = Ad-Hoc|iPhone
		{269732C3-033A-4E94-A7D1-0397A2E3F3B6}.Ad-Hoc|ARM.ActiveCfg = Ad-Hoc|iPhone
		{269732C3-033A-4E94-A7D1-0397A2E3F3B6}.Ad-Hoc|iPhone.ActiveCfg = Ad-Hoc|iPhone
		{269732C3-033A-4E94-A7D1-0397A2E3F3B6}.Ad-Hoc|iPhone.Build.0 = Ad-Hoc|iPhone
		{269732C3-033A-4E94-A7D1-0397A2E3F3B6}.Ad-Hoc|iPhoneSimulator.ActiveCfg = Ad-Hoc|iPhoneSimulator
		{269732C3-033A-4E94-A7D1-0397A2E3F3B6}.Ad-Hoc|iPhoneSimulator.Build.0 = Ad-Hoc|iPhoneSimulator
		{269732C3-033A-4E94-A7D1-0397A2E3F3B6}.Ad-Hoc|x64.ActiveCfg = Ad-Hoc|iPhone
		{269732C3-033A-4E94-A7D1-0397A2E3F3B6}.Ad-Hoc|x86.ActiveCfg = Ad-Hoc|iPhone
		{269732C3-033A-4E94-A7D1-0397A2E3F3B6}.AppStore|Any CPU.ActiveCfg = AppStore|iPhone
		{269732C3-033A-4E94-A7D1-0397A2E3F3B6}.AppStore|ARM.ActiveCfg = AppStore|iPhone
		{269732C3-033A-4E94-A7D1-0397A2E3F3B6}.AppStore|iPhone.ActiveCfg = AppStore|iPhone
		{269732C3-033A-4E94-A7D1-0397A2E3F3B6}.AppStore|iPhone.Build.0 = AppStore|iPhone
		{269732C3-033A-4E94-A7D1-0397A2E3F3B6}.AppStore|iPhoneSimulator.ActiveCfg = AppStore|iPhoneSimulator
		{269732C3-033A-4E94-A7D1-0397A2E3F3B6}.AppStore|iPhoneSimulator.Build.0 = AppStore|iPhoneSimulator
		{269732C3-033A-4E94-A7D1-0397A2E3F3B6}.AppStore|x64.ActiveCfg = AppStore|iPhone
		{269732C3-033A-4E94-A7D1-0397A2E3F3B6}.AppStore|x86.ActiveCfg = AppStore|iPhone
		{269732C3-033A-4E94-A7D1-0397A2E3F3B6}.Debug|Any CPU.ActiveCfg = Debug|iPhone
		{269732C3-033A-4E94-A7D1-0397A2E3F3B6}.Debug|ARM.ActiveCfg = Debug|iPhone
		{269732C3-033A-4E94-A7D1-0397A2E3F3B6}.Debug|iPhone.ActiveCfg = Debug|iPhone
		{269732C3-033A-4E94-A7D1-0397A2E3F3B6}.Debug|iPhone.Build.0 = Debug|iPhone
		{269732C3-033A-4E94-A7D1-0397A2E3F3B6}.Debug|iPhoneSimulator.ActiveCfg = Debug|iPhoneSimulator
		{269732C3-033A-4E94-A7D1-0397A2E3F3B6}.Debug|iPhoneSimulator.Build.0 = Debug|iPhoneSimulator
		{269732C3-033A-4E94-A7D1-0397A2E3F3B6}.Debug|x64.ActiveCfg = Debug|iPhone
		{269732C3-033A-4E94-A7D1-0397A2E3F3B6}.Debug|x86.ActiveCfg = Debug|iPhone
		{269732C3-033A-4E94-A7D1-0397A2E3F3B6}.Release|Any CPU.ActiveCfg = Release|iPhone
		{269732C3-033A-4E94-A7D1-0397A2E3F3B6}.Release|ARM.ActiveCfg = Release|iPhone
		{269732C3-033A-4E94-A7D1-0397A2E3F3B6}.Release|iPhone.ActiveCfg = Release|iPhone
		{269732C3-033A-4E94-A7D1-0397A2E3F3B6}.Release|iPhone.Build.0 = Release|iPhone
		{269732C3-033A-4E94-A7D1-0397A2E3F3B6}.Release|iPhoneSimulator.ActiveCfg = Release|iPhoneSimulator
		{269732C3-033A-4E94-A7D1-0397A2E3F3B6}.Release|iPhoneSimulator.Build.0 = Release|iPhoneSimulator
		{269732C3-033A-4E94-A7D1-0397A2E3F3B6}.Release|x64.ActiveCfg = Release|iPhone
		{269732C3-033A-4E94-A7D1-0397A2E3F3B6}.Release|x86.ActiveCfg = Release|iPhone
		{386FA2C9-2E7A-42C4-BB86-9FB0AC53D37E}.Ad-Hoc|Any CPU.ActiveCfg = Release|x86
		{386FA2C9-2E7A-42C4-BB86-9FB0AC53D37E}.Ad-Hoc|Any CPU.Build.0 = Release|x86
		{386FA2C9-2E7A-42C4-BB86-9FB0AC53D37E}.Ad-Hoc|Any CPU.Deploy.0 = Release|x86
		{386FA2C9-2E7A-42C4-BB86-9FB0AC53D37E}.Ad-Hoc|ARM.ActiveCfg = Release|ARM
		{386FA2C9-2E7A-42C4-BB86-9FB0AC53D37E}.Ad-Hoc|ARM.Build.0 = Release|ARM
		{386FA2C9-2E7A-42C4-BB86-9FB0AC53D37E}.Ad-Hoc|ARM.Deploy.0 = Release|ARM
		{386FA2C9-2E7A-42C4-BB86-9FB0AC53D37E}.Ad-Hoc|iPhone.ActiveCfg = Release|x86
		{386FA2C9-2E7A-42C4-BB86-9FB0AC53D37E}.Ad-Hoc|iPhone.Build.0 = Release|x86
		{386FA2C9-2E7A-42C4-BB86-9FB0AC53D37E}.Ad-Hoc|iPhone.Deploy.0 = Release|x86
		{386FA2C9-2E7A-42C4-BB86-9FB0AC53D37E}.Ad-Hoc|iPhoneSimulator.ActiveCfg = Release|x86
		{386FA2C9-2E7A-42C4-BB86-9FB0AC53D37E}.Ad-Hoc|iPhoneSimulator.Build.0 = Release|x86
		{386FA2C9-2E7A-42C4-BB86-9FB0AC53D37E}.Ad-Hoc|iPhoneSimulator.Deploy.0 = Release|x86
		{386FA2C9-2E7A-42C4-BB86-9FB0AC53D37E}.Ad-Hoc|x64.ActiveCfg = Release|x64
		{386FA2C9-2E7A-42C4-BB86-9FB0AC53D37E}.Ad-Hoc|x64.Build.0 = Release|x64
		{386FA2C9-2E7A-42C4-BB86-9FB0AC53D37E}.Ad-Hoc|x64.Deploy.0 = Release|x64
		{386FA2C9-2E7A-42C4-BB86-9FB0AC53D37E}.Ad-Hoc|x86.ActiveCfg = Release|x86
		{386FA2C9-2E7A-42C4-BB86-9FB0AC53D37E}.Ad-Hoc|x86.Build.0 = Release|x86
		{386FA2C9-2E7A-42C4-BB86-9FB0AC53D37E}.Ad-Hoc|x86.Deploy.0 = Release|x86
		{386FA2C9-2E7A-42C4-BB86-9FB0AC53D37E}.AppStore|Any CPU.ActiveCfg = Release|x86
		{386FA2C9-2E7A-42C4-BB86-9FB0AC53D37E}.AppStore|Any CPU.Build.0 = Release|x86
		{386FA2C9-2E7A-42C4-BB86-9FB0AC53D37E}.AppStore|Any CPU.Deploy.0 = Release|x86
		{386FA2C9-2E7A-42C4-BB86-9FB0AC53D37E}.AppStore|ARM.ActiveCfg = Release|ARM
		{386FA2C9-2E7A-42C4-BB86-9FB0AC53D37E}.AppStore|ARM.Build.0 = Release|ARM
		{386FA2C9-2E7A-42C4-BB86-9FB0AC53D37E}.AppStore|ARM.Deploy.0 = Release|ARM
		{386FA2C9-2E7A-42C4-BB86-9FB0AC53D37E}.AppStore|iPhone.ActiveCfg = Release|x86
		{386FA2C9-2E7A-42C4-BB86-9FB0AC53D37E}.AppStore|iPhone.Build.0 = Release|x86
		{386FA2C9-2E7A-42C4-BB86-9FB0AC53D37E}.AppStore|iPhone.Deploy.0 = Release|x86
		{386FA2C9-2E7A-42C4-BB86-9FB0AC53D37E}.AppStore|iPhoneSimulator.ActiveCfg = Release|x86
		{386FA2C9-2E7A-42C4-BB86-9FB0AC53D37E}.AppStore|iPhoneSimulator.Build.0 = Release|x86
		{386FA2C9-2E7A-42C4-BB86-9FB0AC53D37E}.AppStore|iPhoneSimulator.Deploy.0 = Release|x86
		{386FA2C9-2E7A-42C4-BB86-9FB0AC53D37E}.AppStore|x64.ActiveCfg = Release|x64
		{386FA2C9-2E7A-42C4-BB86-9FB0AC53D37E}.AppStore|x64.Build.0 = Release|x64
		{386FA2C9-2E7A-42C4-BB86-9FB0AC53D37E}.AppStore|x64.Deploy.0 = Release|x64
		{386FA2C9-2E7A-42C4-BB86-9FB0AC53D37E}.AppStore|x86.ActiveCfg = Release|x86
		{386FA2C9-2E7A-42C4-BB86-9FB0AC53D37E}.AppStore|x86.Build.0 = Release|x86
		{386FA2C9-2E7A-42C4-BB86-9FB0AC53D37E}.AppStore|x86.Deploy.0 = Release|x86
		{386FA2C9-2E7A-42C4-BB86-9FB0AC53D37E}.Debug|Any CPU.ActiveCfg = Debug|x86
		{386FA2C9-2E7A-42C4-BB86-9FB0AC53D37E}.Debug|ARM.ActiveCfg = Debug|ARM
		{386FA2C9-2E7A-42C4-BB86-9FB0AC53D37E}.Debug|ARM.Build.0 = Debug|ARM
		{386FA2C9-2E7A-42C4-BB86-9FB0AC53D37E}.Debug|ARM.Deploy.0 = Debug|ARM
		{386FA2C9-2E7A-42C4-BB86-9FB0AC53D37E}.Debug|iPhone.ActiveCfg = Debug|x86
		{386FA2C9-2E7A-42C4-BB86-9FB0AC53D37E}.Debug|iPhoneSimulator.ActiveCfg = Debug|x86
		{386FA2C9-2E7A-42C4-BB86-9FB0AC53D37E}.Debug|x64.ActiveCfg = Debug|x64
		{386FA2C9-2E7A-42C4-BB86-9FB0AC53D37E}.Debug|x64.Build.0 = Debug|x64
		{386FA2C9-2E7A-42C4-BB86-9FB0AC53D37E}.Debug|x64.Deploy.0 = Debug|x64
		{386FA2C9-2E7A-42C4-BB86-9FB0AC53D37E}.Debug|x86.ActiveCfg = Debug|x86
		{386FA2C9-2E7A-42C4-BB86-9FB0AC53D37E}.Debug|x86.Build.0 = Debug|x86
		{386FA2C9-2E7A-42C4-BB86-9FB0AC53D37E}.Debug|x86.Deploy.0 = Debug|x86
		{386FA2C9-2E7A-42C4-BB86-9FB0AC53D37E}.Release|Any CPU.ActiveCfg = Release|x86
		{386FA2C9-2E7A-42C4-BB86-9FB0AC53D37E}.Release|ARM.ActiveCfg = Release|ARM
		{386FA2C9-2E7A-42C4-BB86-9FB0AC53D37E}.Release|ARM.Build.0 = Release|ARM
		{386FA2C9-2E7A-42C4-BB86-9FB0AC53D37E}.Release|ARM.Deploy.0 = Release|ARM
		{386FA2C9-2E7A-42C4-BB86-9FB0AC53D37E}.Release|iPhone.ActiveCfg = Release|x86
		{386FA2C9-2E7A-42C4-BB86-9FB0AC53D37E}.Release|iPhoneSimulator.ActiveCfg = Release|x86
		{386FA2C9-2E7A-42C4-BB86-9FB0AC53D37E}.Release|x64.ActiveCfg = Release|x64
		{386FA2C9-2E7A-42C4-BB86-9FB0AC53D37E}.Release|x64.Build.0 = Release|x64
		{386FA2C9-2E7A-42C4-BB86-9FB0AC53D37E}.Release|x64.Deploy.0 = Release|x64
		{386FA2C9-2E7A-42C4-BB86-9FB0AC53D37E}.Release|x86.ActiveCfg = Release|x86
		{386FA2C9-2E7A-42C4-BB86-9FB0AC53D37E}.Release|x86.Build.0 = Release|x86
		{386FA2C9-2E7A-42C4-BB86-9FB0AC53D37E}.Release|x86.Deploy.0 = Release|x86
		{DADE05CF-A4C8-4076-8E59-956DE77A0069}.Ad-Hoc|Any CPU.ActiveCfg = Debug|Any CPU
		{DADE05CF-A4C8-4076-8E59-956DE77A0069}.Ad-Hoc|Any CPU.Build.0 = Debug|Any CPU
		{DADE05CF-A4C8-4076-8E59-956DE77A0069}.Ad-Hoc|ARM.ActiveCfg = Debug|Any CPU
		{DADE05CF-A4C8-4076-8E59-956DE77A0069}.Ad-Hoc|ARM.Build.0 = Debug|Any CPU
		{DADE05CF-A4C8-4076-8E59-956DE77A0069}.Ad-Hoc|iPhone.ActiveCfg = Debug|Any CPU
		{DADE05CF-A4C8-4076-8E59-956DE77A0069}.Ad-Hoc|iPhone.Build.0 = Debug|Any CPU
		{DADE05CF-A4C8-4076-8E59-956DE77A0069}.Ad-Hoc|iPhoneSimulator.ActiveCfg = Debug|Any CPU
		{DADE05CF-A4C8-4076-8E59-956DE77A0069}.Ad-Hoc|iPhoneSimulator.Build.0 = Debug|Any CPU
		{DADE05CF-A4C8-4076-8E59-956DE77A0069}.Ad-Hoc|x64.ActiveCfg = Debug|Any CPU
		{DADE05CF-A4C8-4076-8E59-956DE77A0069}.Ad-Hoc|x64.Build.0 = Debug|Any CPU
		{DADE05CF-A4C8-4076-8E59-956DE77A0069}.Ad-Hoc|x86.ActiveCfg = Debug|Any CPU
		{DADE05CF-A4C8-4076-8E59-956DE77A0069}.Ad-Hoc|x86.Build.0 = Debug|Any CPU
		{DADE05CF-A4C8-4076-8E59-956DE77A0069}.AppStore|Any CPU.ActiveCfg = Debug|Any CPU
		{DADE05CF-A4C8-4076-8E59-956DE77A0069}.AppStore|Any CPU.Build.0 = Debug|Any CPU
		{DADE05CF-A4C8-4076-8E59-956DE77A0069}.AppStore|ARM.ActiveCfg = Debug|Any CPU
		{DADE05CF-A4C8-4076-8E59-956DE77A0069}.AppStore|ARM.Build.0 = Debug|Any CPU
		{DADE05CF-A4C8-4076-8E59-956DE77A0069}.AppStore|iPhone.ActiveCfg = Debug|Any CPU
		{DADE05CF-A4C8-4076-8E59-956DE77A0069}.AppStore|iPhone.Build.0 = Debug|Any CPU
		{DADE05CF-A4C8-4076-8E59-956DE77A0069}.AppStore|iPhoneSimulator.ActiveCfg = Debug|Any CPU
		{DADE05CF-A4C8-4076-8E59-956DE77A0069}.AppStore|iPhoneSimulator.Build.0 = Debug|Any CPU
		{DADE05CF-A4C8-4076-8E59-956DE77A0069}.AppStore|x64.ActiveCfg = Debug|Any CPU
		{DADE05CF-A4C8-4076-8E59-956DE77A0069}.AppStore|x64.Build.0 = Debug|Any CPU
		{DADE05CF-A4C8-4076-8E59-956DE77A0069}.AppStore|x86.ActiveCfg = Debug|Any CPU
		{DADE05CF-A4C8-4076-8E59-956DE77A0069}.AppStore|x86.Build.0 = Debug|Any CPU
		{DADE05CF-A4C8-4076-8E59-956DE77A0069}.Debug|Any CPU.ActiveCfg = Debug|Any CPU
		{DADE05CF-A4C8-4076-8E59-956DE77A0069}.Debug|Any CPU.Build.0 = Debug|Any CPU
		{DADE05CF-A4C8-4076-8E59-956DE77A0069}.Debug|ARM.ActiveCfg = Debug|Any CPU
		{DADE05CF-A4C8-4076-8E59-956DE77A0069}.Debug|ARM.Build.0 = Debug|Any CPU
		{DADE05CF-A4C8-4076-8E59-956DE77A0069}.Debug|iPhone.ActiveCfg = Debug|Any CPU
		{DADE05CF-A4C8-4076-8E59-956DE77A0069}.Debug|iPhone.Build.0 = Debug|Any CPU
		{DADE05CF-A4C8-4076-8E59-956DE77A0069}.Debug|iPhoneSimulator.ActiveCfg = Debug|Any CPU
		{DADE05CF-A4C8-4076-8E59-956DE77A0069}.Debug|iPhoneSimulator.Build.0 = Debug|Any CPU
		{DADE05CF-A4C8-4076-8E59-956DE77A0069}.Debug|x64.ActiveCfg = Debug|Any CPU
		{DADE05CF-A4C8-4076-8E59-956DE77A0069}.Debug|x64.Build.0 = Debug|Any CPU
		{DADE05CF-A4C8-4076-8E59-956DE77A0069}.Debug|x86.ActiveCfg = Debug|Any CPU
		{DADE05CF-A4C8-4076-8E59-956DE77A0069}.Debug|x86.Build.0 = Debug|Any CPU
		{DADE05CF-A4C8-4076-8E59-956DE77A0069}.Release|Any CPU.ActiveCfg = Release|Any CPU
		{DADE05CF-A4C8-4076-8E59-956DE77A0069}.Release|Any CPU.Build.0 = Release|Any CPU
		{DADE05CF-A4C8-4076-8E59-956DE77A0069}.Release|ARM.ActiveCfg = Release|Any CPU
		{DADE05CF-A4C8-4076-8E59-956DE77A0069}.Release|ARM.Build.0 = Release|Any CPU
		{DADE05CF-A4C8-4076-8E59-956DE77A0069}.Release|iPhone.ActiveCfg = Release|Any CPU
		{DADE05CF-A4C8-4076-8E59-956DE77A0069}.Release|iPhone.Build.0 = Release|Any CPU
		{DADE05CF-A4C8-4076-8E59-956DE77A0069}.Release|iPhoneSimulator.ActiveCfg = Release|Any CPU
		{DADE05CF-A4C8-4076-8E59-956DE77A0069}.Release|iPhoneSimulator.Build.0 = Release|Any CPU
		{DADE05CF-A4C8-4076-8E59-956DE77A0069}.Release|x64.ActiveCfg = Release|Any CPU
		{DADE05CF-A4C8-4076-8E59-956DE77A0069}.Release|x64.Build.0 = Release|Any CPU
		{DADE05CF-A4C8-4076-8E59-956DE77A0069}.Release|x86.ActiveCfg = Release|Any CPU
		{DADE05CF-A4C8-4076-8E59-956DE77A0069}.Release|x86.Build.0 = Release|Any CPU
	EndGlobalSection
	GlobalSection(SolutionProperties) = preSolution
		HideSolutionNode = FALSE
	EndGlobalSection
	GlobalSection(ExtensibilityGlobals) = postSolution
		SolutionGuid = {B9C8AE9F-A3D4-4427-81EB-58D0DF100649}
	EndGlobalSection
EndGlobal
